
Microsoft Visual Studio Solution File, Format Version 12.00
# Visual Studio Version 17
VisualStudioVersion = 17.2.32630.192
MinimumVisualStudioVersion = 10.0.40219.1
Project("{9A19103F-16F7-4668-BE54-9A1E7A4F7556}") = "Anonymous", "Anonymous\Anonymous.csproj", "{603EED1C-EA8C-4C34-91B4-E437897EDC7A}"
EndProject
Project("{9A19103F-16F7-4668-BE54-9A1E7A4F7556}") = "SubscriptionKey", "SubscriptionKey\SubscriptionKey.csproj", "{209BC040-CEED-48DA-B96B-E222FA9BE898}"
EndProject
Project("{9A19103F-16F7-4668-BE54-9A1E7A4F7556}") = "AuthenticationAAD", "AuthenticationAAD\AuthenticationAAD.csproj", "{D133A69E-0199-42C3-8CFA-C430B6B43A1A}"
EndProject
Global
	GlobalSection(SolutionConfigurationPlatforms) = preSolution
		Debug|Any CPU = Debug|Any CPU
		Release|Any CPU = Release|Any CPU
	EndGlobalSection
	GlobalSection(ProjectConfigurationPlatforms) = postSolution
		{603EED1C-EA8C-4C34-91B4-E437897EDC7A}.Debug|Any CPU.ActiveCfg = Debug|Any CPU
		{603EED1C-EA8C-4C34-91B4-E437897EDC7A}.Debug|Any CPU.Build.0 = Debug|Any CPU
		{603EED1C-EA8C-4C34-91B4-E437897EDC7A}.Release|Any CPU.ActiveCfg = Release|Any CPU
		{603EED1C-EA8C-4C34-91B4-E437897EDC7A}.Release|Any CPU.Build.0 = Release|Any CPU
		{209BC040-CEED-48DA-B96B-E222FA9BE898}.Debug|Any CPU.ActiveCfg = Debug|Any CPU
		{209BC040-CEED-48DA-B96B-E222FA9BE898}.Debug|Any CPU.Build.0 = Debug|Any CPU
		{209BC040-CEED-48DA-B96B-E222FA9BE898}.Release|Any CPU.ActiveCfg = Release|Any CPU
		{209BC040-CEED-48DA-B96B-E222FA9BE898}.Release|Any CPU.Build.0 = Release|Any CPU
		{D133A69E-0199-42C3-8CFA-C430B6B43A1A}.Debug|Any CPU.ActiveCfg = Debug|Any CPU
		{D133A69E-0199-42C3-8CFA-C430B6B43A1A}.Debug|Any CPU.Build.0 = Debug|Any CPU
		{D133A69E-0199-42C3-8CFA-C430B6B43A1A}.Release|Any CPU.ActiveCfg = Release|Any CPU
		{D133A69E-0199-42C3-8CFA-C430B6B43A1A}.Release|Any CPU.Build.0 = Release|Any CPU
	EndGlobalSection
	GlobalSection(SolutionProperties) = preSolution
		HideSolutionNode = FALSE
	EndGlobalSection
	GlobalSection(ExtensibilityGlobals) = postSolution
		SolutionGuid = {1F0A7C65-3B0A-40EE-B78E-ADCCB05138F8}
	EndGlobalSection
EndGlobal
